uuid: 604af20e-103f-4541-811b-7260cbd7bc7e
langcode: en
status: true
dependencies:
  config:
    - contact.form.feedback
  module:
    - contact_block
  theme:
    - bartik
id: contactblock
theme: bartik
region: footer_first
weight: 0
provider: null
plugin: contact_block
settings:
  id: contact_block
  label: 'Contact block'
  provider: contact_block
  label_display: visible
  contact_form: feedback
visibility: {  }
