uuid: 05e65a8d-b211-4140-8576-2a82b22ba11b
langcode: en
status: true
dependencies:
  content:
    - 'block_content:basic:7c6a85c6-48a9-444b-8e06-c6783817941e'
  module:
    - block_content
    - user
  theme:
    - bartik
id: hoursandlocationblock
theme: bartik
region: sidebar_second
weight: -6
provider: null
plugin: 'block_content:7c6a85c6-48a9-444b-8e06-c6783817941e'
settings:
  id: 'block_content:7c6a85c6-48a9-444b-8e06-c6783817941e'
  label: 'Hours and location block'
  provider: block_content
  label_display: '0'
  status: true
  info: ''
  view_mode: full
visibility:
  user_role:
    id: user_role
    roles:
      anonymous: anonymous
      authenticated: authenticated
      administrator: administrator
    negate: false
    context_mapping:
      user: '@user.current_user_context:current_user'
